
Microsoft Visual Studio Solution File, Format Version 12.00
# Visual Studio Version 17
VisualStudioVersion = 17.1.32421.90
MinimumVisualStudioVersion = 10.0.40219.1
Project("{FAE04EC0-301F-11D3-BF4B-00C04F79EFBC}") = "ZeikomiWordCloud", "ZeikomiWordCloud\ZeikomiWordCloud.csproj", "{054A53C7-E917-4286-9D25-7CB541F64539}"
EndProject
Project("{9A19103F-16F7-4668-BE54-9A1E7A4F7556}") = "MVVMCore", "MVVMCore\MVVMCore.csproj", "{BCE1A7E9-4D95-4FA9-80AB-F89FCAB58D42}"
EndProject
Global
	GlobalSection(SolutionConfigurationPlatforms) = preSolution
		Debug|Any CPU = Debug|Any CPU
		Release|Any CPU = Release|Any CPU
	EndGlobalSection
	GlobalSection(ProjectConfigurationPlatforms) = postSolution
		{054A53C7-E917-4286-9D25-7CB541F64539}.Debug|Any CPU.ActiveCfg = Debug|Any CPU
		{054A53C7-E917-4286-9D25-7CB541F64539}.Debug|Any CPU.Build.0 = Debug|Any CPU
		{054A53C7-E917-4286-9D25-7CB541F64539}.Release|Any CPU.ActiveCfg = Release|Any CPU
		{054A53C7-E917-4286-9D25-7CB541F64539}.Release|Any CPU.Build.0 = Release|Any CPU
		{BCE1A7E9-4D95-4FA9-80AB-F89FCAB58D42}.Debug|Any CPU.ActiveCfg = Debug|Any CPU
		{BCE1A7E9-4D95-4FA9-80AB-F89FCAB58D42}.Debug|Any CPU.Build.0 = Debug|Any CPU
		{BCE1A7E9-4D95-4FA9-80AB-F89FCAB58D42}.Release|Any CPU.ActiveCfg = Release|Any CPU
		{BCE1A7E9-4D95-4FA9-80AB-F89FCAB58D42}.Release|Any CPU.Build.0 = Release|Any CPU
	EndGlobalSection
	GlobalSection(SolutionProperties) = preSolution
		HideSolutionNode = FALSE
	EndGlobalSection
	GlobalSection(ExtensibilityGlobals) = postSolution
		SolutionGuid = {E9015D93-AB03-4753-9DC4-15332BB9073B}
	EndGlobalSection
EndGlobal
